
Microsoft Visual Studio Solution File, Format Version 12.00
# Visual Studio Version 17
VisualStudioVersion = 17.14.36518.9
MinimumVisualStudioVersion = 10.0.40219.1
Project("{2150E333-8FDC-42A3-9474-1A3956D46DE8}") = "Task0", "Task0", "{02EA681E-C7D8-13C7-8484-4AC65E1B71E8}"
EndProject
Project("{FAE04EC0-301F-11D3-BF4B-00C04F79EFBC}") = "Tyuiu.KoryakinaAE.Sprint3.Task0.V8", "Tyuiu.KoryakinaAE.Sprint3.Task0.V8\Tyuiu.KoryakinaAE.Sprint3.Task0.V8.csproj", "{2730B0D2-7488-4DB7-B5B3-D552FB577D3B}"
EndProject
Project("{FAE04EC0-301F-11D3-BF4B-00C04F79EFBC}") = "Tyuiu.KoryakinaAE.Sprint3.Task0.V8.Lib", "Tyuiu.KoryakinaAE.Sprint3.Task0.V8.Lib\Tyuiu.KoryakinaAE.Sprint3.Task0.V8.Lib.csproj", "{11AD9A20-C095-407E-8E71-0F96BE5D5297}"
EndProject
Project("{FAE04EC0-301F-11D3-BF4B-00C04F79EFBC}") = "Tyuiu.KoryakinaAE.Sprint3.Task0.V8.Test", "Tyuiu.KoryakinaAE.Sprint3.Task0.V8.Test\Tyuiu.KoryakinaAE.Sprint3.Task0.V8.Test.csproj", "{2D3E478D-1448-4A71-9C28-8F9C8E23DC62}"
EndProject
Project("{2150E333-8FDC-42A3-9474-1A3956D46DE8}") = "Task1", "Task1", "{2D759BCA-DBE2-4A8D-95AA-FB4556E618AA}"
EndProject
Project("{FAE04EC0-301F-11D3-BF4B-00C04F79EFBC}") = "Tyuiu.KoryakinaAE.Sprint3.Task1.V16", "Tyuiu.KoryakinaAE.Sprint3.Task1.V16\Tyuiu.KoryakinaAE.Sprint3.Task1.V16.csproj", "{99BEAF95-8B61-4B70-B9C8-F9C03D926344}"
EndProject
Project("{FAE04EC0-301F-11D3-BF4B-00C04F79EFBC}") = "Tyuiu.KoryakinaAE.Sprint3.Task1.V16.Lib", "Tyuiu.KoryakinaAE.Sprint3.Task1.V16.Lib\Tyuiu.KoryakinaAE.Sprint3.Task1.V16.Lib.csproj", "{16641798-BD89-4ACE-8446-1D54EDE3D6A9}"
EndProject
Project("{FAE04EC0-301F-11D3-BF4B-00C04F79EFBC}") = "Tyuiu.KoryakinaAE.Sprint3.Task1.V16.Test", "Tyuiu.KoryakinaAE.Sprint3.Task1.V16.Test\Tyuiu.KoryakinaAE.Sprint3.Task1.V16.Test.csproj", "{3886820D-9687-4312-8948-D303A89B50FC}"
EndProject
Project("{2150E333-8FDC-42A3-9474-1A3956D46DE8}") = "Task2", "Task2", "{4D117A9C-EAE9-4908-8566-3FE33A06B777}"
EndProject
Project("{FAE04EC0-301F-11D3-BF4B-00C04F79EFBC}") = "Tyuiu.KoryakinaAE.Sprint3.Task2.V27", "Tyuiu.KoryakinaAE.Sprint3.Task2.V27\Tyuiu.KoryakinaAE.Sprint3.Task2.V27.csproj", "{B556C27E-2CDA-49E9-82AB-790DF2D0979B}"
EndProject
Project("{FAE04EC0-301F-11D3-BF4B-00C04F79EFBC}") = "Tyuiu.KoryakinaAE.Sprint3.Task2.V27.Lib", "Tyuiu.KoryakinaAE.Sprint3.Task2.V27.Lib\Tyuiu.KoryakinaAE.Sprint3.Task2.V27.Lib.csproj", "{A0EF25C4-8C7B-4412-ACBF-43BE83FE8F99}"
EndProject
Project("{FAE04EC0-301F-11D3-BF4B-00C04F79EFBC}") = "Tyuiu.KoryakinaAE.Sprint3.Task2.V27.Test", "Tyuiu.KoryakinaAE.Sprint3.Task2.V27.Test\Tyuiu.KoryakinaAE.Sprint3.Task2.V27.Test.csproj", "{056B83CA-BDA8-4E53-AE1A-BE658E785D80}"
EndProject
Project("{2150E333-8FDC-42A3-9474-1A3956D46DE8}") = "Task3", "Task3", "{5177E303-FE33-45DE-8D43-4A6C491FF72F}"
EndProject
Project("{FAE04EC0-301F-11D3-BF4B-00C04F79EFBC}") = "Tyuiu.KoryakinaAE.Sprint3.Task3.V30", "Tyuiu.KoryakinaAE.Sprint3.Task3.V30\Tyuiu.KoryakinaAE.Sprint3.Task3.V30.csproj", "{BE81042C-F399-457B-8023-3209723EA6BE}"
EndProject
Project("{FAE04EC0-301F-11D3-BF4B-00C04F79EFBC}") = "Tyuiu.KoryakinaAE.Sprint3.Task3.V30.Lib", "Tyuiu.KoryakinaAE.Sprint3.Task3.V30.Lib\Tyuiu.KoryakinaAE.Sprint3.Task3.V30.Lib.csproj", "{5EE20EC4-D5C3-492E-9F98-E2E52339A07E}"
EndProject
Project("{FAE04EC0-301F-11D3-BF4B-00C04F79EFBC}") = "Tyuiu.KoryakinaAE.Sprint3.Task3.V30.Test", "Tyuiu.KoryakinaAE.Sprint3.Task3.V30.Test\Tyuiu.KoryakinaAE.Sprint3.Task3.V30.Test.csproj", "{2B6EE90B-C5E1-40FC-B4F5-F53980EED223}"
EndProject
Project("{2150E333-8FDC-42A3-9474-1A3956D46DE8}") = "Task4", "Task4", "{0C79EAAB-36F0-4FCB-9D86-5ED29CF0F33C}"
EndProject
Project("{FAE04EC0-301F-11D3-BF4B-00C04F79EFBC}") = "Tyuiu.KoryakinaAE.Sprint3.Task4.V24", "Tyuiu.KoryakinaAE.Sprint3.Task4.V24\Tyuiu.KoryakinaAE.Sprint3.Task4.V24.csproj", "{722FFEF8-84F9-4CF8-95F4-7F9AD8A0D914}"
EndProject
Project("{FAE04EC0-301F-11D3-BF4B-00C04F79EFBC}") = "Tyuiu.KoryakinaAE.Sprint3.Task4.V24.Lib", "Tyuiu.KoryakinaAE.Sprint3.Task4.V24.Lib\Tyuiu.KoryakinaAE.Sprint3.Task4.V24.Lib.csproj", "{5BC918C2-007F-46D7-B04C-4A763D155661}"
EndProject
Project("{FAE04EC0-301F-11D3-BF4B-00C04F79EFBC}") = "Tyuiu.KoryakinaAE.Sprint3.Task4.V24.Test", "Tyuiu.KoryakinaAE.Sprint3.Task4.V24.Test\Tyuiu.KoryakinaAE.Sprint3.Task4.V24.Test.csproj", "{D79BCBFE-B399-41F5-BA2D-0E0F6634F2FA}"
EndProject
Project("{2150E333-8FDC-42A3-9474-1A3956D46DE8}") = "Task5", "Task5", "{B75BC29E-B436-4FB4-A698-88A26061AFB5}"
EndProject
Project("{FAE04EC0-301F-11D3-BF4B-00C04F79EFBC}") = "Tyuiu.KoryakinaAE.Sprint3.Task5.V3", "Tyuiu.KoryakinaAE.Sprint3.Task5.V3\Tyuiu.KoryakinaAE.Sprint3.Task5.V3.csproj", "{BEDD78E7-29DA-42C3-AA29-E967235B22DB}"
EndProject
Project("{FAE04EC0-301F-11D3-BF4B-00C04F79EFBC}") = "Tyuiu.KoryakinaAE.Sprint3.Task5.V3.Lib", "Tyuiu.KoryakinaAE.Sprint3.Task5.V3.Lib\Tyuiu.KoryakinaAE.Sprint3.Task5.V3.Lib.csproj", "{2AC7427A-6D08-47AE-B857-8F130CC15A37}"
EndProject
Project("{FAE04EC0-301F-11D3-BF4B-00C04F79EFBC}") = "Tyuiu.KoryakinaAE.Sprint3.Task5.V3.Test", "Tyuiu.KoryakinaAE.Sprint3.Task5.V3.Test\Tyuiu.KoryakinaAE.Sprint3.Task5.V3.Test.csproj", "{065F5BF0-104D-46AA-8480-10E679A701D2}"
EndProject
Project("{2150E333-8FDC-42A3-9474-1A3956D46DE8}") = "Task6", "Task6", "{C7CACAAB-CDA5-42A4-98C2-E2B925746AD5}"
EndProject
Project("{FAE04EC0-301F-11D3-BF4B-00C04F79EFBC}") = "Tyuiu.KoryakinaAE.Sprint3.Task6.V12", "Tyuiu.KoryakinaAE.Sprint3.Task6.V12\Tyuiu.KoryakinaAE.Sprint3.Task6.V12.csproj", "{30FE88BA-9F8D-4DCB-81CB-35623D6E686C}"
EndProject
Project("{FAE04EC0-301F-11D3-BF4B-00C04F79EFBC}") = "Tyuiu.KoryakinaAE.Sprint3.Task6.V12.Lib", "Tyuiu.KoryakinaAE.Sprint3.Task6.V12.Lib\Tyuiu.KoryakinaAE.Sprint3.Task6.V12.Lib.csproj", "{860B3119-C650-4BEE-91AF-D0335B067E36}"
EndProject
Project("{FAE04EC0-301F-11D3-BF4B-00C04F79EFBC}") = "Tyuiu.KoryakinaAE.Sprint3.Task6.V12.Test", "Tyuiu.KoryakinaAE.Sprint3.Task6.V12.Test\Tyuiu.KoryakinaAE.Sprint3.Task6.V12.Test.csproj", "{9916866F-F0CC-42E3-802D-01489840B5E2}"
EndProject
Project("{2150E333-8FDC-42A3-9474-1A3956D46DE8}") = "Task7", "Task7", "{909F63E5-4FB8-4D67-969B-0E69AB6B718C}"
EndProject
Project("{FAE04EC0-301F-11D3-BF4B-00C04F79EFBC}") = "Tyuiu.KoryakinaAE.Sprint3.Task7.V9", "Tyuiu.KoryakinaAE.Sprint3.Task7.V9\Tyuiu.KoryakinaAE.Sprint3.Task7.V9.csproj", "{25CC17DE-D5AF-41DB-A650-0587F138C326}"
EndProject
Project("{FAE04EC0-301F-11D3-BF4B-00C04F79EFBC}") = "Tyuiu.KoryakinaAE.Sprint3.Task7.V9.Lib", "Tyuiu.KoryakinaAE.Sprint3.Task7.V9.Lib\Tyuiu.KoryakinaAE.Sprint3.Task7.V9.Lib.csproj", "{07F3E29C-9271-450E-8D87-786039DE681D}"
EndProject
Project("{FAE04EC0-301F-11D3-BF4B-00C04F79EFBC}") = "Tyuiu.KoryakinaAE.Sprint3.Task7.V9.Test", "Tyuiu.KoryakinaAE.Sprint3.Task7.V9.Test\Tyuiu.KoryakinaAE.Sprint3.Task7.V9.Test.csproj", "{1B312899-4616-49F4-A61A-12FDAFCBAA17}"
EndProject
Global
	GlobalSection(SolutionConfigurationPlatforms) = preSolution
		Debug|Any CPU = Debug|Any CPU
		Release|Any CPU = Release|Any CPU
	EndGlobalSection
	GlobalSection(ProjectConfigurationPlatforms) = postSolution
		{2730B0D2-7488-4DB7-B5B3-D552FB577D3B}.Debug|Any CPU.ActiveCfg = Debug|Any CPU
		{2730B0D2-7488-4DB7-B5B3-D552FB577D3B}.Debug|Any CPU.Build.0 = Debug|Any CPU
		{2730B0D2-7488-4DB7-B5B3-D552FB577D3B}.Release|Any CPU.ActiveCfg = Release|Any CPU
		{2730B0D2-7488-4DB7-B5B3-D552FB577D3B}.Release|Any CPU.Build.0 = Release|Any CPU
		{11AD9A20-C095-407E-8E71-0F96BE5D5297}.Debug|Any CPU.ActiveCfg = Debug|Any CPU
		{11AD9A20-C095-407E-8E71-0F96BE5D5297}.Debug|Any CPU.Build.0 = Debug|Any CPU
		{11AD9A20-C095-407E-8E71-0F96BE5D5297}.Release|Any CPU.ActiveCfg = Release|Any CPU
		{11AD9A20-C095-407E-8E71-0F96BE5D5297}.Release|Any CPU.Build.0 = Release|Any CPU
		{2D3E478D-1448-4A71-9C28-8F9C8E23DC62}.Debug|Any CPU.ActiveCfg = Debug|Any CPU
		{2D3E478D-1448-4A71-9C28-8F9C8E23DC62}.Debug|Any CPU.Build.0 = Debug|Any CPU
		{2D3E478D-1448-4A71-9C28-8F9C8E23DC62}.Release|Any CPU.ActiveCfg = Release|Any CPU
		{2D3E478D-1448-4A71-9C28-8F9C8E23DC62}.Release|Any CPU.Build.0 = Release|Any CPU
		{99BEAF95-8B61-4B70-B9C8-F9C03D926344}.Debug|Any CPU.ActiveCfg = Debug|Any CPU
		{99BEAF95-8B61-4B70-B9C8-F9C03D926344}.Debug|Any CPU.Build.0 = Debug|Any CPU
		{99BEAF95-8B61-4B70-B9C8-F9C03D926344}.Release|Any CPU.ActiveCfg = Release|Any CPU
		{99BEAF95-8B61-4B70-B9C8-F9C03D926344}.Release|Any CPU.Build.0 = Release|Any CPU
		{16641798-BD89-4ACE-8446-1D54EDE3D6A9}.Debug|Any CPU.ActiveCfg = Debug|Any CPU
		{16641798-BD89-4ACE-8446-1D54EDE3D6A9}.Debug|Any CPU.Build.0 = Debug|Any CPU
		{16641798-BD89-4ACE-8446-1D54EDE3D6A9}.Release|Any CPU.ActiveCfg = Release|Any CPU
		{16641798-BD89-4ACE-8446-1D54EDE3D6A9}.Release|Any CPU.Build.0 = Release|Any CPU
		{3886820D-9687-4312-8948-D303A89B50FC}.Debug|Any CPU.ActiveCfg = Debug|Any CPU
		{3886820D-9687-4312-8948-D303A89B50FC}.Debug|Any CPU.Build.0 = Debug|Any CPU
		{3886820D-9687-4312-8948-D303A89B50FC}.Release|Any CPU.ActiveCfg = Release|Any CPU
		{3886820D-9687-4312-8948-D303A89B50FC}.Release|Any CPU.Build.0 = Release|Any CPU
		{B556C27E-2CDA-49E9-82AB-790DF2D0979B}.Debug|Any CPU.ActiveCfg = Debug|Any CPU
		{B556C27E-2CDA-49E9-82AB-790DF2D0979B}.Debug|Any CPU.Build.0 = Debug|Any CPU
		{B556C27E-2CDA-49E9-82AB-790DF2D0979B}.Release|Any CPU.ActiveCfg = Release|Any CPU
		{B556C27E-2CDA-49E9-82AB-790DF2D0979B}.Release|Any CPU.Build.0 = Release|Any CPU
		{A0EF25C4-8C7B-4412-ACBF-43BE83FE8F99}.Debug|Any CPU.ActiveCfg = Debug|Any CPU
		{A0EF25C4-8C7B-4412-ACBF-43BE83FE8F99}.Debug|Any CPU.Build.0 = Debug|Any CPU
		{A0EF25C4-8C7B-4412-ACBF-43BE83FE8F99}.Release|Any CPU.ActiveCfg = Release|Any CPU
		{A0EF25C4-8C7B-4412-ACBF-43BE83FE8F99}.Release|Any CPU.Build.0 = Release|Any CPU
		{056B83CA-BDA8-4E53-AE1A-BE658E785D80}.Debug|Any CPU.ActiveCfg = Debug|Any CPU
		{056B83CA-BDA8-4E53-AE1A-BE658E785D80}.Debug|Any CPU.Build.0 = Debug|Any CPU
		{056B83CA-BDA8-4E53-AE1A-BE658E785D80}.Release|Any CPU.ActiveCfg = Release|Any CPU
		{056B83CA-BDA8-4E53-AE1A-BE658E785D80}.Release|Any CPU.Build.0 = Release|Any CPU
		{BE81042C-F399-457B-8023-3209723EA6BE}.Debug|Any CPU.ActiveCfg = Debug|Any CPU
		{BE81042C-F399-457B-8023-3209723EA6BE}.Debug|Any CPU.Build.0 = Debug|Any CPU
		{BE81042C-F399-457B-8023-3209723EA6BE}.Release|Any CPU.ActiveCfg = Release|Any CPU
		{BE81042C-F399-457B-8023-3209723EA6BE}.Release|Any CPU.Build.0 = Release|Any CPU
		{5EE20EC4-D5C3-492E-9F98-E2E52339A07E}.Debug|Any CPU.ActiveCfg = Debug|Any CPU
		{5EE20EC4-D5C3-492E-9F98-E2E52339A07E}.Debug|Any CPU.Build.0 = Debug|Any CPU
		{5EE20EC4-D5C3-492E-9F98-E2E52339A07E}.Release|Any CPU.ActiveCfg = Release|Any CPU
		{5EE20EC4-D5C3-492E-9F98-E2E52339A07E}.Release|Any CPU.Build.0 = Release|Any CPU
		{2B6EE90B-C5E1-40FC-B4F5-F53980EED223}.Debug|Any CPU.ActiveCfg = Debug|Any CPU
		{2B6EE90B-C5E1-40FC-B4F5-F53980EED223}.Debug|Any CPU.Build.0 = Debug|Any CPU
		{2B6EE90B-C5E1-40FC-B4F5-F53980EED223}.Release|Any CPU.ActiveCfg = Release|Any CPU
		{2B6EE90B-C5E1-40FC-B4F5-F53980EED223}.Release|Any CPU.Build.0 = Release|Any CPU
		{722FFEF8-84F9-4CF8-95F4-7F9AD8A0D914}.Debug|Any CPU.ActiveCfg = Debug|Any CPU
		{722FFEF8-84F9-4CF8-95F4-7F9AD8A0D914}.Debug|Any CPU.Build.0 = Debug|Any CPU
		{722FFEF8-84F9-4CF8-95F4-7F9AD8A0D914}.Release|Any CPU.ActiveCfg = Release|Any CPU
		{722FFEF8-84F9-4CF8-95F4-7F9AD8A0D914}.Release|Any CPU.Build.0 = Release|Any CPU
		{5BC918C2-007F-46D7-B04C-4A763D155661}.Debug|Any CPU.ActiveCfg = Debug|Any CPU
		{5BC918C2-007F-46D7-B04C-4A763D155661}.Debug|Any CPU.Build.0 = Debug|Any CPU
		{5BC918C2-007F-46D7-B04C-4A763D155661}.Release|Any CPU.ActiveCfg = Release|Any CPU
		{5BC918C2-007F-46D7-B04C-4A763D155661}.Release|Any CPU.Build.0 = Release|Any CPU
		{D79BCBFE-B399-41F5-BA2D-0E0F6634F2FA}.Debug|Any CPU.ActiveCfg = Debug|Any CPU
		{D79BCBFE-B399-41F5-BA2D-0E0F6634F2FA}.Debug|Any CPU.Build.0 = Debug|Any CPU
		{D79BCBFE-B399-41F5-BA2D-0E0F6634F2FA}.Release|Any CPU.ActiveCfg = Release|Any CPU
		{D79BCBFE-B399-41F5-BA2D-0E0F6634F2FA}.Release|Any CPU.Build.0 = Release|Any CPU
		{BEDD78E7-29DA-42C3-AA29-E967235B22DB}.Debug|Any CPU.ActiveCfg = Debug|Any CPU
		{BEDD78E7-29DA-42C3-AA29-E967235B22DB}.Debug|Any CPU.Build.0 = Debug|Any CPU
		{BEDD78E7-29DA-42C3-AA29-E967235B22DB}.Release|Any CPU.ActiveCfg = Release|Any CPU
		{BEDD78E7-29DA-42C3-AA29-E967235B22DB}.Release|Any CPU.Build.0 = Release|Any CPU
		{2AC7427A-6D08-47AE-B857-8F130CC15A37}.Debug|Any CPU.ActiveCfg = Debug|Any CPU
		{2AC7427A-6D08-47AE-B857-8F130CC15A37}.Debug|Any CPU.Build.0 = Debug|Any CPU
		{2AC7427A-6D08-47AE-B857-8F130CC15A37}.Release|Any CPU.ActiveCfg = Release|Any CPU
		{2AC7427A-6D08-47AE-B857-8F130CC15A37}.Release|Any CPU.Build.0 = Release|Any CPU
		{065F5BF0-104D-46AA-8480-10E679A701D2}.Debug|Any CPU.ActiveCfg = Debug|Any CPU
		{065F5BF0-104D-46AA-8480-10E679A701D2}.Debug|Any CPU.Build.0 = Debug|Any CPU
		{065F5BF0-104D-46AA-8480-10E679A701D2}.Release|Any CPU.ActiveCfg = Release|Any CPU
		{065F5BF0-104D-46AA-8480-10E679A701D2}.Release|Any CPU.Build.0 = Release|Any CPU
		{30FE88BA-9F8D-4DCB-81CB-35623D6E686C}.Debug|Any CPU.ActiveCfg = Debug|Any CPU
		{30FE88BA-9F8D-4DCB-81CB-35623D6E686C}.Debug|Any CPU.Build.0 = Debug|Any CPU
		{30FE88BA-9F8D-4DCB-81CB-35623D6E686C}.Release|Any CPU.ActiveCfg = Release|Any CPU
		{30FE88BA-9F8D-4DCB-81CB-35623D6E686C}.Release|Any CPU.Build.0 = Release|Any CPU
		{860B3119-C650-4BEE-91AF-D0335B067E36}.Debug|Any CPU.ActiveCfg = Debug|Any CPU
		{860B3119-C650-4BEE-91AF-D0335B067E36}.Debug|Any CPU.Build.0 = Debug|Any CPU
		{860B3119-C650-4BEE-91AF-D0335B067E36}.Release|Any CPU.ActiveCfg = Release|Any CPU
		{860B3119-C650-4BEE-91AF-D0335B067E36}.Release|Any CPU.Build.0 = Release|Any CPU
		{9916866F-F0CC-42E3-802D-01489840B5E2}.Debug|Any CPU.ActiveCfg = Debug|Any CPU
		{9916866F-F0CC-42E3-802D-01489840B5E2}.Debug|Any CPU.Build.0 = Debug|Any CPU
		{9916866F-F0CC-42E3-802D-01489840B5E2}.Release|Any CPU.ActiveCfg = Release|Any CPU
		{9916866F-F0CC-42E3-802D-01489840B5E2}.Release|Any CPU.Build.0 = Release|Any CPU
		{25CC17DE-D5AF-41DB-A650-0587F138C326}.Debug|Any CPU.ActiveCfg = Debug|Any CPU
		{25CC17DE-D5AF-41DB-A650-0587F138C326}.Debug|Any CPU.Build.0 = Debug|Any CPU
		{25CC17DE-D5AF-41DB-A650-0587F138C326}.Release|Any CPU.ActiveCfg = Release|Any CPU
		{25CC17DE-D5AF-41DB-A650-0587F138C326}.Release|Any CPU.Build.0 = Release|Any CPU
		{07F3E29C-9271-450E-8D87-786039DE681D}.Debug|Any CPU.ActiveCfg = Debug|Any CPU
		{07F3E29C-9271-450E-8D87-786039DE681D}.Debug|Any CPU.Build.0 = Debug|Any CPU
		{07F3E29C-9271-450E-8D87-786039DE681D}.Release|Any CPU.ActiveCfg = Release|Any CPU
		{07F3E29C-9271-450E-8D87-786039DE681D}.Release|Any CPU.Build.0 = Release|Any CPU
		{1B312899-4616-49F4-A61A-12FDAFCBAA17}.Debug|Any CPU.ActiveCfg = Debug|Any CPU
		{1B312899-4616-49F4-A61A-12FDAFCBAA17}.Debug|Any CPU.Build.0 = Debug|Any CPU
		{1B312899-4616-49F4-A61A-12FDAFCBAA17}.Release|Any CPU.ActiveCfg = Release|Any CPU
		{1B312899-4616-49F4-A61A-12FDAFCBAA17}.Release|Any CPU.Build.0 = Release|Any CPU
	EndGlobalSection
	GlobalSection(SolutionProperties) = preSolution
		HideSolutionNode = FALSE
	EndGlobalSection
	GlobalSection(NestedProjects) = preSolution
		{2730B0D2-7488-4DB7-B5B3-D552FB577D3B} = {02EA681E-C7D8-13C7-8484-4AC65E1B71E8}
		{11AD9A20-C095-407E-8E71-0F96BE5D5297} = {02EA681E-C7D8-13C7-8484-4AC65E1B71E8}
		{2D3E478D-1448-4A71-9C28-8F9C8E23DC62} = {02EA681E-C7D8-13C7-8484-4AC65E1B71E8}
		{99BEAF95-8B61-4B70-B9C8-F9C03D926344} = {2D759BCA-DBE2-4A8D-95AA-FB4556E618AA}
		{16641798-BD89-4ACE-8446-1D54EDE3D6A9} = {2D759BCA-DBE2-4A8D-95AA-FB4556E618AA}
		{3886820D-9687-4312-8948-D303A89B50FC} = {2D759BCA-DBE2-4A8D-95AA-FB4556E618AA}
		{B556C27E-2CDA-49E9-82AB-790DF2D0979B} = {4D117A9C-EAE9-4908-8566-3FE33A06B777}
		{A0EF25C4-8C7B-4412-ACBF-43BE83FE8F99} = {4D117A9C-EAE9-4908-8566-3FE33A06B777}
		{056B83CA-BDA8-4E53-AE1A-BE658E785D80} = {4D117A9C-EAE9-4908-8566-3FE33A06B777}
		{BE81042C-F399-457B-8023-3209723EA6BE} = {5177E303-FE33-45DE-8D43-4A6C491FF72F}
		{5EE20EC4-D5C3-492E-9F98-E2E52339A07E} = {5177E303-FE33-45DE-8D43-4A6C491FF72F}
		{2B6EE90B-C5E1-40FC-B4F5-F53980EED223} = {5177E303-FE33-45DE-8D43-4A6C491FF72F}
		{722FFEF8-84F9-4CF8-95F4-7F9AD8A0D914} = {0C79EAAB-36F0-4FCB-9D86-5ED29CF0F33C}
		{5BC918C2-007F-46D7-B04C-4A763D155661} = {0C79EAAB-36F0-4FCB-9D86-5ED29CF0F33C}
		{D79BCBFE-B399-41F5-BA2D-0E0F6634F2FA} = {0C79EAAB-36F0-4FCB-9D86-5ED29CF0F33C}
		{BEDD78E7-29DA-42C3-AA29-E967235B22DB} = {B75BC29E-B436-4FB4-A698-88A26061AFB5}
		{2AC7427A-6D08-47AE-B857-8F130CC15A37} = {B75BC29E-B436-4FB4-A698-88A26061AFB5}
		{065F5BF0-104D-46AA-8480-10E679A701D2} = {B75BC29E-B436-4FB4-A698-88A26061AFB5}
		{30FE88BA-9F8D-4DCB-81CB-35623D6E686C} = {C7CACAAB-CDA5-42A4-98C2-E2B925746AD5}
		{860B3119-C650-4BEE-91AF-D0335B067E36} = {C7CACAAB-CDA5-42A4-98C2-E2B925746AD5}
		{9916866F-F0CC-42E3-802D-01489840B5E2} = {C7CACAAB-CDA5-42A4-98C2-E2B925746AD5}
		{25CC17DE-D5AF-41DB-A650-0587F138C326} = {909F63E5-4FB8-4D67-969B-0E69AB6B718C}
		{07F3E29C-9271-450E-8D87-786039DE681D} = {909F63E5-4FB8-4D67-969B-0E69AB6B718C}
		{1B312899-4616-49F4-A61A-12FDAFCBAA17} = {909F63E5-4FB8-4D67-969B-0E69AB6B718C}
	EndGlobalSection
	GlobalSection(ExtensibilityGlobals) = postSolution
		SolutionGuid = {D8E7E326-828A-4C17-8448-EA70704C4FB1}
	EndGlobalSection
EndGlobal
