
Microsoft Visual Studio Solution File, Format Version 12.00
# Visual Studio Version 17
VisualStudioVersion = 17.14.36518.9
MinimumVisualStudioVersion = 10.0.40219.1
Project("{2150E333-8FDC-42A3-9474-1A3956D46DE8}") = "Task0", "Task0", "{02EA681E-C7D8-13C7-8484-4AC65E1B71E8}"
EndProject
Project("{FAE04EC0-301F-11D3-BF4B-00C04F79EFBC}") = "Tyuiu.KoryakinaAE.Sprint3.Task0.V8", "Tyuiu.KoryakinaAE.Sprint3.Task0.V8\Tyuiu.KoryakinaAE.Sprint3.Task0.V8.csproj", "{2730B0D2-7488-4DB7-B5B3-D552FB577D3B}"
EndProject
Project("{FAE04EC0-301F-11D3-BF4B-00C04F79EFBC}") = "Tyuiu.KoryakinaAE.Sprint3.Task0.V8.Lib", "Tyuiu.KoryakinaAE.Sprint3.Task0.V8.Lib\Tyuiu.KoryakinaAE.Sprint3.Task0.V8.Lib.csproj", "{11AD9A20-C095-407E-8E71-0F96BE5D5297}"
EndProject
Project("{FAE04EC0-301F-11D3-BF4B-00C04F79EFBC}") = "Tyuiu.KoryakinaAE.Sprint3.Task0.V8.Test", "Tyuiu.KoryakinaAE.Sprint3.Task0.V8.Test\Tyuiu.KoryakinaAE.Sprint3.Task0.V8.Test.csproj", "{2D3E478D-1448-4A71-9C28-8F9C8E23DC62}"
EndProject
Project("{2150E333-8FDC-42A3-9474-1A3956D46DE8}") = "Task1", "Task1", "{2D759BCA-DBE2-4A8D-95AA-FB4556E618AA}"
EndProject
Project("{FAE04EC0-301F-11D3-BF4B-00C04F79EFBC}") = "Tyuiu.KoryakinaAE.Sprint3.Task1.V16", "Tyuiu.KoryakinaAE.Sprint3.Task1.V16\Tyuiu.KoryakinaAE.Sprint3.Task1.V16.csproj", "{99BEAF95-8B61-4B70-B9C8-F9C03D926344}"
EndProject
Project("{FAE04EC0-301F-11D3-BF4B-00C04F79EFBC}") = "Tyuiu.KoryakinaAE.Sprint3.Task1.V16.Lib", "Tyuiu.KoryakinaAE.Sprint3.Task1.V16.Lib\Tyuiu.KoryakinaAE.Sprint3.Task1.V16.Lib.csproj", "{16641798-BD89-4ACE-8446-1D54EDE3D6A9}"
EndProject
Project("{FAE04EC0-301F-11D3-BF4B-00C04F79EFBC}") = "Tyuiu.KoryakinaAE.Sprint3.Task1.V16.Test", "Tyuiu.KoryakinaAE.Sprint3.Task1.V16.Test\Tyuiu.KoryakinaAE.Sprint3.Task1.V16.Test.csproj", "{3886820D-9687-4312-8948-D303A89B50FC}"
EndProject
Project("{2150E333-8FDC-42A3-9474-1A3956D46DE8}") = "Task2", "Task2", "{4D117A9C-EAE9-4908-8566-3FE33A06B777}"
EndProject
Project("{FAE04EC0-301F-11D3-BF4B-00C04F79EFBC}") = "Tyuiu.KoryakinaAE.Sprint3.Task2.V27", "Tyuiu.KoryakinaAE.Sprint3.Task2.V27\Tyuiu.KoryakinaAE.Sprint3.Task2.V27.csproj", "{B556C27E-2CDA-49E9-82AB-790DF2D0979B}"
EndProject
Project("{FAE04EC0-301F-11D3-BF4B-00C04F79EFBC}") = "Tyuiu.KoryakinaAE.Sprint3.Task2.V27.Lib", "Tyuiu.KoryakinaAE.Sprint3.Task2.V27.Lib\Tyuiu.KoryakinaAE.Sprint3.Task2.V27.Lib.csproj", "{A0EF25C4-8C7B-4412-ACBF-43BE83FE8F99}"
EndProject
Project("{FAE04EC0-301F-11D3-BF4B-00C04F79EFBC}") = "Tyuiu.KoryakinaAE.Sprint3.Task2.V27.Test", "Tyuiu.KoryakinaAE.Sprint3.Task2.V27.Test\Tyuiu.KoryakinaAE.Sprint3.Task2.V27.Test.csproj", "{056B83CA-BDA8-4E53-AE1A-BE658E785D80}"
EndProject
Project("{2150E333-8FDC-42A3-9474-1A3956D46DE8}") = "Task3", "Task3", "{5177E303-FE33-45DE-8D43-4A6C491FF72F}"
EndProject
Project("{FAE04EC0-301F-11D3-BF4B-00C04F79EFBC}") = "Tyuiu.KoryakinaAE.Sprint3.Task3.V30", "Tyuiu.KoryakinaAE.Sprint3.Task3.V30\Tyuiu.KoryakinaAE.Sprint3.Task3.V30.csproj", "{BE81042C-F399-457B-8023-3209723EA6BE}"
EndProject
Project("{FAE04EC0-301F-11D3-BF4B-00C04F79EFBC}") = "Tyuiu.KoryakinaAE.Sprint3.Task3.V30.Lib", "Tyuiu.KoryakinaAE.Sprint3.Task3.V30.Lib\Tyuiu.KoryakinaAE.Sprint3.Task3.V30.Lib.csproj", "{5EE20EC4-D5C3-492E-9F98-E2E52339A07E}"
EndProject
Project("{FAE04EC0-301F-11D3-BF4B-00C04F79EFBC}") = "Tyuiu.KoryakinaAE.Sprint3.Task3.V30.Test", "Tyuiu.KoryakinaAE.Sprint3.Task3.V30.Test\Tyuiu.KoryakinaAE.Sprint3.Task3.V30.Test.csproj", "{2B6EE90B-C5E1-40FC-B4F5-F53980EED223}"
EndProject
Global
	GlobalSection(SolutionConfigurationPlatforms) = preSolution
		Debug|Any CPU = Debug|Any CPU
		Release|Any CPU = Release|Any CPU
	EndGlobalSection
	GlobalSection(ProjectConfigurationPlatforms) = postSolution
		{2730B0D2-7488-4DB7-B5B3-D552FB577D3B}.Debug|Any CPU.ActiveCfg = Debug|Any CPU
		{2730B0D2-7488-4DB7-B5B3-D552FB577D3B}.Debug|Any CPU.Build.0 = Debug|Any CPU
		{2730B0D2-7488-4DB7-B5B3-D552FB577D3B}.Release|Any CPU.ActiveCfg = Release|Any CPU
		{2730B0D2-7488-4DB7-B5B3-D552FB577D3B}.Release|Any CPU.Build.0 = Release|Any CPU
		{11AD9A20-C095-407E-8E71-0F96BE5D5297}.Debug|Any CPU.ActiveCfg = Debug|Any CPU
		{11AD9A20-C095-407E-8E71-0F96BE5D5297}.Debug|Any CPU.Build.0 = Debug|Any CPU
		{11AD9A20-C095-407E-8E71-0F96BE5D5297}.Release|Any CPU.ActiveCfg = Release|Any CPU
		{11AD9A20-C095-407E-8E71-0F96BE5D5297}.Release|Any CPU.Build.0 = Release|Any CPU
		{2D3E478D-1448-4A71-9C28-8F9C8E23DC62}.Debug|Any CPU.ActiveCfg = Debug|Any CPU
		{2D3E478D-1448-4A71-9C28-8F9C8E23DC62}.Debug|Any CPU.Build.0 = Debug|Any CPU
		{2D3E478D-1448-4A71-9C28-8F9C8E23DC62}.Release|Any CPU.ActiveCfg = Release|Any CPU
		{2D3E478D-1448-4A71-9C28-8F9C8E23DC62}.Release|Any CPU.Build.0 = Release|Any CPU
		{99BEAF95-8B61-4B70-B9C8-F9C03D926344}.Debug|Any CPU.ActiveCfg = Debug|Any CPU
		{99BEAF95-8B61-4B70-B9C8-F9C03D926344}.Debug|Any CPU.Build.0 = Debug|Any CPU
		{99BEAF95-8B61-4B70-B9C8-F9C03D926344}.Release|Any CPU.ActiveCfg = Release|Any CPU
		{99BEAF95-8B61-4B70-B9C8-F9C03D926344}.Release|Any CPU.Build.0 = Release|Any CPU
		{16641798-BD89-4ACE-8446-1D54EDE3D6A9}.Debug|Any CPU.ActiveCfg = Debug|Any CPU
		{16641798-BD89-4ACE-8446-1D54EDE3D6A9}.Debug|Any CPU.Build.0 = Debug|Any CPU
		{16641798-BD89-4ACE-8446-1D54EDE3D6A9}.Release|Any CPU.ActiveCfg = Release|Any CPU
		{16641798-BD89-4ACE-8446-1D54EDE3D6A9}.Release|Any CPU.Build.0 = Release|Any CPU
		{3886820D-9687-4312-8948-D303A89B50FC}.Debug|Any CPU.ActiveCfg = Debug|Any CPU
		{3886820D-9687-4312-8948-D303A89B50FC}.Debug|Any CPU.Build.0 = Debug|Any CPU
		{3886820D-9687-4312-8948-D303A89B50FC}.Release|Any CPU.ActiveCfg = Release|Any CPU
		{3886820D-9687-4312-8948-D303A89B50FC}.Release|Any CPU.Build.0 = Release|Any CPU
		{B556C27E-2CDA-49E9-82AB-790DF2D0979B}.Debug|Any CPU.ActiveCfg = Debug|Any CPU
		{B556C27E-2CDA-49E9-82AB-790DF2D0979B}.Debug|Any CPU.Build.0 = Debug|Any CPU
		{B556C27E-2CDA-49E9-82AB-790DF2D0979B}.Release|Any CPU.ActiveCfg = Release|Any CPU
		{B556C27E-2CDA-49E9-82AB-790DF2D0979B}.Release|Any CPU.Build.0 = Release|Any CPU
		{A0EF25C4-8C7B-4412-ACBF-43BE83FE8F99}.Debug|Any CPU.ActiveCfg = Debug|Any CPU
		{A0EF25C4-8C7B-4412-ACBF-43BE83FE8F99}.Debug|Any CPU.Build.0 = Debug|Any CPU
		{A0EF25C4-8C7B-4412-ACBF-43BE83FE8F99}.Release|Any CPU.ActiveCfg = Release|Any CPU
		{A0EF25C4-8C7B-4412-ACBF-43BE83FE8F99}.Release|Any CPU.Build.0 = Release|Any CPU
		{056B83CA-BDA8-4E53-AE1A-BE658E785D80}.Debug|Any CPU.ActiveCfg = Debug|Any CPU
		{056B83CA-BDA8-4E53-AE1A-BE658E785D80}.Debug|Any CPU.Build.0 = Debug|Any CPU
		{056B83CA-BDA8-4E53-AE1A-BE658E785D80}.Release|Any CPU.ActiveCfg = Release|Any CPU
		{056B83CA-BDA8-4E53-AE1A-BE658E785D80}.Release|Any CPU.Build.0 = Release|Any CPU
		{BE81042C-F399-457B-8023-3209723EA6BE}.Debug|Any CPU.ActiveCfg = Debug|Any CPU
		{BE81042C-F399-457B-8023-3209723EA6BE}.Debug|Any CPU.Build.0 = Debug|Any CPU
		{BE81042C-F399-457B-8023-3209723EA6BE}.Release|Any CPU.ActiveCfg = Release|Any CPU
		{BE81042C-F399-457B-8023-3209723EA6BE}.Release|Any CPU.Build.0 = Release|Any CPU
		{5EE20EC4-D5C3-492E-9F98-E2E52339A07E}.Debug|Any CPU.ActiveCfg = Debug|Any CPU
		{5EE20EC4-D5C3-492E-9F98-E2E52339A07E}.Debug|Any CPU.Build.0 = Debug|Any CPU
		{5EE20EC4-D5C3-492E-9F98-E2E52339A07E}.Release|Any CPU.ActiveCfg = Release|Any CPU
		{5EE20EC4-D5C3-492E-9F98-E2E52339A07E}.Release|Any CPU.Build.0 = Release|Any CPU
		{2B6EE90B-C5E1-40FC-B4F5-F53980EED223}.Debug|Any CPU.ActiveCfg = Debug|Any CPU
		{2B6EE90B-C5E1-40FC-B4F5-F53980EED223}.Debug|Any CPU.Build.0 = Debug|Any CPU
		{2B6EE90B-C5E1-40FC-B4F5-F53980EED223}.Release|Any CPU.ActiveCfg = Release|Any CPU
		{2B6EE90B-C5E1-40FC-B4F5-F53980EED223}.Release|Any CPU.Build.0 = Release|Any CPU
	EndGlobalSection
	GlobalSection(SolutionProperties) = preSolution
		HideSolutionNode = FALSE
	EndGlobalSection
	GlobalSection(NestedProjects) = preSolution
		{2730B0D2-7488-4DB7-B5B3-D552FB577D3B} = {02EA681E-C7D8-13C7-8484-4AC65E1B71E8}
		{11AD9A20-C095-407E-8E71-0F96BE5D5297} = {02EA681E-C7D8-13C7-8484-4AC65E1B71E8}
		{2D3E478D-1448-4A71-9C28-8F9C8E23DC62} = {02EA681E-C7D8-13C7-8484-4AC65E1B71E8}
		{99BEAF95-8B61-4B70-B9C8-F9C03D926344} = {2D759BCA-DBE2-4A8D-95AA-FB4556E618AA}
		{16641798-BD89-4ACE-8446-1D54EDE3D6A9} = {2D759BCA-DBE2-4A8D-95AA-FB4556E618AA}
		{3886820D-9687-4312-8948-D303A89B50FC} = {2D759BCA-DBE2-4A8D-95AA-FB4556E618AA}
		{B556C27E-2CDA-49E9-82AB-790DF2D0979B} = {4D117A9C-EAE9-4908-8566-3FE33A06B777}
		{A0EF25C4-8C7B-4412-ACBF-43BE83FE8F99} = {4D117A9C-EAE9-4908-8566-3FE33A06B777}
		{056B83CA-BDA8-4E53-AE1A-BE658E785D80} = {4D117A9C-EAE9-4908-8566-3FE33A06B777}
		{BE81042C-F399-457B-8023-3209723EA6BE} = {5177E303-FE33-45DE-8D43-4A6C491FF72F}
		{5EE20EC4-D5C3-492E-9F98-E2E52339A07E} = {5177E303-FE33-45DE-8D43-4A6C491FF72F}
		{2B6EE90B-C5E1-40FC-B4F5-F53980EED223} = {5177E303-FE33-45DE-8D43-4A6C491FF72F}
	EndGlobalSection
	GlobalSection(ExtensibilityGlobals) = postSolution
		SolutionGuid = {D8E7E326-828A-4C17-8448-EA70704C4FB1}
	EndGlobalSection
EndGlobal
